
Microsoft Visual Studio Solution File, Format Version 12.00
# Visual Studio Version 17
VisualStudioVersion = 17.8.34330.188
MinimumVisualStudioVersion = 10.0.40219.1
Project("{FAE04EC0-301F-11D3-BF4B-00C04F79EFBC}") = "Expense Tracker", "Expense Tracker.csproj", "{CC97C557-C97F-44EF-977E-A8AEAE0A42BA}"
EndProject
Project("{2150E333-8FDC-42A3-9474-1A3956D46DE8}") = "Solution Items", "Solution Items", "{C7B3941A-B638-4155-A6FD-400C42F37362}"
	ProjectSection(SolutionItems) = preProject
		.editorconfig = .editorconfig
	EndProjectSection
EndProject
Global
	GlobalSection(SolutionConfigurationPlatforms) = preSolution
		Debug|Any CPU = Debug|Any CPU
		Release|Any CPU = Release|Any CPU
	EndGlobalSection
	GlobalSection(ProjectConfigurationPlatforms) = postSolution
		{CC97C557-C97F-44EF-977E-A8AEAE0A42BA}.Debug|Any CPU.ActiveCfg = Debug|Any CPU
		{CC97C557-C97F-44EF-977E-A8AEAE0A42BA}.Debug|Any CPU.Build.0 = Debug|Any CPU
		{CC97C557-C97F-44EF-977E-A8AEAE0A42BA}.Release|Any CPU.ActiveCfg = Release|Any CPU
		{CC97C557-C97F-44EF-977E-A8AEAE0A42BA}.Release|Any CPU.Build.0 = Release|Any CPU
	EndGlobalSection
	GlobalSection(SolutionProperties) = preSolution
		HideSolutionNode = FALSE
	EndGlobalSection
	GlobalSection(ExtensibilityGlobals) = postSolution
		SolutionGuid = {F7BB6766-AE5A-42D8-A2BF-2F23F16D5B83}
	EndGlobalSection
EndGlobal
